
Microsoft Visual Studio Solution File, Format Version 12.00
# Visual Studio 14
VisualStudioVersion = 14.0.24720.0
MinimumVisualStudioVersion = 10.0.40219.1
Project("{2150E333-8FDC-42A3-9474-1A3956D46DE8}") = "Server", "Server", "{A0B1D2C9-ECE3-425D-A7CD-DE9E9403AB03}"
EndProject
Project("{2150E333-8FDC-42A3-9474-1A3956D46DE8}") = "Services", "Services", "{6E92FC01-D11C-4D9E-ADAA-3CF4A21F011D}"
EndProject
Project("{2150E333-8FDC-42A3-9474-1A3956D46DE8}") = "Data", "Data", "{C2F696F1-D508-45D1-BC36-91A633BDBAF8}"
EndProject
Project("{2150E333-8FDC-42A3-9474-1A3956D46DE8}") = "DressZone.Data", "DressZone.Data", "{B6AF3941-47BB-4BCD-A8C2-CECBFC0ECE79}"
EndProject
Project("{2150E333-8FDC-42A3-9474-1A3956D46DE8}") = "DressZone.Data.Models", "DressZone.Data.Models", "{A0D61843-8783-4243-9DDB-BD3AEA609108}"
EndProject
Project("{2150E333-8FDC-42A3-9474-1A3956D46DE8}") = "DressZone.Data.Common", "DressZone.Data.Common", "{9F8A52FA-2BBB-40F4-9473-DAAF0037B283}"
EndProject
Project("{2150E333-8FDC-42A3-9474-1A3956D46DE8}") = "DressZone.Services", "DressZone.Services", "{C21CC18C-8D86-4257-872A-10C28C8AD529}"
EndProject
Project("{2150E333-8FDC-42A3-9474-1A3956D46DE8}") = "Repository", "Repository", "{CA1D656C-C529-4288-AA94-0013B124A794}"
EndProject
Project("{FAE04EC0-301F-11D3-BF4B-00C04F79EFBC}") = "DressZone.Repository", "DressZone.Repository\DressZone.Repository.csproj", "{C866CEC7-62EC-45CD-92D4-93CB8E82D42B}"
EndProject
Project("{FAE04EC0-301F-11D3-BF4B-00C04F79EFBC}") = "DressZone.Models", "DressZone.Models\DressZone.Models.csproj", "{13D0C6C7-E143-439D-8B6A-38573553B93B}"
EndProject
Project("{FAE04EC0-301F-11D3-BF4B-00C04F79EFBC}") = "DressZone.Server", "DressZone.Server\DressZone.Server.csproj", "{ADA113E4-7DB6-4E56-9180-269B55200997}"
EndProject
Project("{FAE04EC0-301F-11D3-BF4B-00C04F79EFBC}") = "DressZone.Context", "DressZone.Context\DressZone.Context.csproj", "{F0068BEA-01B1-4554-9A5C-93D11080CC2E}"
EndProject
Global
	GlobalSection(SolutionConfigurationPlatforms) = preSolution
		Debug|Any CPU = Debug|Any CPU
		Release|Any CPU = Release|Any CPU
	EndGlobalSection
	GlobalSection(ProjectConfigurationPlatforms) = postSolution
		{C866CEC7-62EC-45CD-92D4-93CB8E82D42B}.Debug|Any CPU.ActiveCfg = Debug|Any CPU
		{C866CEC7-62EC-45CD-92D4-93CB8E82D42B}.Debug|Any CPU.Build.0 = Debug|Any CPU
		{C866CEC7-62EC-45CD-92D4-93CB8E82D42B}.Release|Any CPU.ActiveCfg = Release|Any CPU
		{C866CEC7-62EC-45CD-92D4-93CB8E82D42B}.Release|Any CPU.Build.0 = Release|Any CPU
		{13D0C6C7-E143-439D-8B6A-38573553B93B}.Debug|Any CPU.ActiveCfg = Debug|Any CPU
		{13D0C6C7-E143-439D-8B6A-38573553B93B}.Debug|Any CPU.Build.0 = Debug|Any CPU
		{13D0C6C7-E143-439D-8B6A-38573553B93B}.Release|Any CPU.ActiveCfg = Release|Any CPU
		{13D0C6C7-E143-439D-8B6A-38573553B93B}.Release|Any CPU.Build.0 = Release|Any CPU
		{ADA113E4-7DB6-4E56-9180-269B55200997}.Debug|Any CPU.ActiveCfg = Debug|Any CPU
		{ADA113E4-7DB6-4E56-9180-269B55200997}.Debug|Any CPU.Build.0 = Debug|Any CPU
		{ADA113E4-7DB6-4E56-9180-269B55200997}.Release|Any CPU.ActiveCfg = Release|Any CPU
		{ADA113E4-7DB6-4E56-9180-269B55200997}.Release|Any CPU.Build.0 = Release|Any CPU
		{F0068BEA-01B1-4554-9A5C-93D11080CC2E}.Debug|Any CPU.ActiveCfg = Debug|Any CPU
		{F0068BEA-01B1-4554-9A5C-93D11080CC2E}.Debug|Any CPU.Build.0 = Debug|Any CPU
		{F0068BEA-01B1-4554-9A5C-93D11080CC2E}.Release|Any CPU.ActiveCfg = Release|Any CPU
		{F0068BEA-01B1-4554-9A5C-93D11080CC2E}.Release|Any CPU.Build.0 = Release|Any CPU
	EndGlobalSection
	GlobalSection(SolutionProperties) = preSolution
		HideSolutionNode = FALSE
	EndGlobalSection
	GlobalSection(NestedProjects) = preSolution
		{B6AF3941-47BB-4BCD-A8C2-CECBFC0ECE79} = {C2F696F1-D508-45D1-BC36-91A633BDBAF8}
		{A0D61843-8783-4243-9DDB-BD3AEA609108} = {C2F696F1-D508-45D1-BC36-91A633BDBAF8}
		{9F8A52FA-2BBB-40F4-9473-DAAF0037B283} = {C2F696F1-D508-45D1-BC36-91A633BDBAF8}
		{C21CC18C-8D86-4257-872A-10C28C8AD529} = {6E92FC01-D11C-4D9E-ADAA-3CF4A21F011D}
		{CA1D656C-C529-4288-AA94-0013B124A794} = {9F8A52FA-2BBB-40F4-9473-DAAF0037B283}
		{C866CEC7-62EC-45CD-92D4-93CB8E82D42B} = {CA1D656C-C529-4288-AA94-0013B124A794}
		{13D0C6C7-E143-439D-8B6A-38573553B93B} = {A0D61843-8783-4243-9DDB-BD3AEA609108}
		{ADA113E4-7DB6-4E56-9180-269B55200997} = {A0B1D2C9-ECE3-425D-A7CD-DE9E9403AB03}
		{F0068BEA-01B1-4554-9A5C-93D11080CC2E} = {B6AF3941-47BB-4BCD-A8C2-CECBFC0ECE79}
	EndGlobalSection
EndGlobal
